{
  "name": "app_psychgames-refactor",
  "lockfileVersion": 2,
  "requires": true,
  "packages": {
    "packages": {
      "license": "UNLICENSED",
      "workspaces": [
        "*"
      ],
      "devDependencies": {
        "@tsconfig/recommended": "^1.0.1",
        "@tsconfig/svelte": "^2.0.1"
      }
    },
    "": {
      "workspaces": [
        "packages"
      ]
    },
    "node_modules/@tsconfig/recommended": {
      "version": "1.0.1",
      "resolved": "https://registry.npmjs.org/@tsconfig/recommended/-/recommended-1.0.1.tgz",
      "integrity": "sha512-2xN+iGTbPBEzGSnVp/Hd64vKJCJWxsi9gfs88x4PPMyEjHJoA3o5BY9r5OLPHIZU2pAQxkSAsJFqn6itClP8mQ==",
      "dev": true
    },
    "node_modules/@tsconfig/svelte": {
      "version": "2.0.1",
      "resolved": "https://registry.npmjs.org/@tsconfig/svelte/-/svelte-2.0.1.tgz",
      "integrity": "sha512-aqkICXbM1oX5FfgZd2qSSAGdyo/NRxjWCamxoyi3T8iVQnzGge19HhDYzZ6NrVOW7bhcWNSq9XexWFtMzbB24A==",
      "dev": true
    },
    "node_modules/packages": {
      "resolved": "packages",
      "link": true
    }
  },
  "dependencies": {
    "packages": {
      "version": "file:packages",
      "requires": {
        "@tsconfig/recommended": "^1.0.1",
        "@tsconfig/svelte": "^2.0.1"
      }
    },
    "@tsconfig/recommended": {
      "version": "1.0.1",
      "resolved": "https://registry.npmjs.org/@tsconfig/recommended/-/recommended-1.0.1.tgz",
      "integrity": "sha512-2xN+iGTbPBEzGSnVp/Hd64vKJCJWxsi9gfs88x4PPMyEjHJoA3o5BY9r5OLPHIZU2pAQxkSAsJFqn6itClP8mQ==",
      "dev": true
    },
    "@tsconfig/svelte": {
      "version": "2.0.1",
      "resolved": "https://registry.npmjs.org/@tsconfig/svelte/-/svelte-2.0.1.tgz",
      "integrity": "sha512-aqkICXbM1oX5FfgZd2qSSAGdyo/NRxjWCamxoyi3T8iVQnzGge19HhDYzZ6NrVOW7bhcWNSq9XexWFtMzbB24A==",
      "dev": true
    }
  }
}
